# @generated - this file is auto-generated by `mise lock` https://mise.jdx.dev/dev-tools/mise-lock.html

lockfile_version = 1

[[tools.aube]]
version = "2.2.0"
backend = "aqua:jdx/aube"
specifiers = ["latest"]

[tools.aube."platforms.linux-arm64"]
checksum = "sha256:cbfb10e58297f6b352b7722af7d069a10a991a2ec6589f2b7a9c017d14d9926e"
url = "https://github.com/jdx/aube/releases/download/v2.2.0/aube-v2.2.0-aarch64-unknown-linux-gnu.tar.gz"
url_api = "https://api.github.com/repos/jdx/aube/releases/assets/529737048"
provenance = "github-attestations"

[tools.aube."platforms.linux-arm64-musl"]
checksum = "sha256:115adfa9ba0b138f7d54c10ea8a9741d1cd1854c07306320796406d5a83375c1"
url = "https://github.com/jdx/aube/releases/download/v2.2.0/aube-v2.2.0-aarch64-unknown-linux-musl.tar.gz"
url_api = "https://api.github.com/repos/jdx/aube/releases/assets/529705095"
provenance = "github-attestations"

[tools.aube."platforms.linux-x64"]
checksum = "sha256:5d8b91f772712e6f971a2e15a52dcc392acbb21782fbb532124588deb647656b"
url = "https://github.com/jdx/aube/releases/download/v2.2.0/aube-v2.2.0-x86_64-unknown-linux-gnu.tar.gz"
url_api = "https://api.github.com/repos/jdx/aube/releases/assets/529716822"
provenance = "github-attestations"

[tools.aube."platforms.linux-x64-musl"]
checksum = "sha256:3f01b75136705709cda862ae29c059dedf52341b2bb95359f61c2b72b03f9fc8"
url = "https://github.com/jdx/aube/releases/download/v2.2.0/aube-v2.2.0-x86_64-unknown-linux-musl.tar.gz"
url_api = "https://api.github.com/repos/jdx/aube/releases/assets/529714460"
provenance = "github-attestations"

[tools.aube."platforms.macos-arm64"]
checksum = "sha256:702de7f549cef800a1f35900e638ea4fbe07bce854f234cef869cd5442484c90"
url = "https://github.com/jdx/aube/releases/download/v2.2.0/aube-v2.2.0-aarch64-apple-darwin.tar.gz"
url_api = "https://api.github.com/repos/jdx/aube/releases/assets/529761660"
provenance = "github-attestations"

[tools.aube."platforms.windows-x64"]
checksum = "sha256:2d68e3e995c336486647034eb8b99c3cfa68894e385a44200af2bc14bc4064cf"
url = "https://github.com/jdx/aube/releases/download/v2.2.0/aube-v2.2.0-x86_64-pc-windows-msvc.zip"
url_api = "https://api.github.com/repos/jdx/aube/releases/assets/529724125"
provenance = "github-attestations"

[[tools.biome]]
version = "2.5.14"
backend = "aqua:biomejs/biome"
specifiers = ["latest"]

[tools.biome."platforms.linux-arm64"]
checksum = "sha256:50ac7f598985e21b15da57e5d87da0f7ab0c163e6f78eb6d4690309827d77ef8"
url = "https://github.com/biomejs/biome/releases/download/%40biomejs/biome%402.5.14/biome-linux-arm64"
url_api = "https://api.github.com/repos/biomejs/biome/releases/assets/567471272"
provenance = "github-attestations"

[tools.biome."platforms.linux-arm64-musl"]
checksum = "sha256:e97669c6e998e4a160c71bd97757eae21fe8c8cb58a044311096779cd1d00454"
url = "https://github.com/biomejs/biome/releases/download/%40biomejs/biome%402.5.14/biome-linux-arm64-musl"
url_api = "https://api.github.com/repos/biomejs/biome/releases/assets/567471270"
provenance = "github-attestations"

[tools.biome."platforms.linux-x64"]
checksum = "sha256:290c1c85deeaf01310d9187306060b53961574856a7e34f59d9662562e6f19fe"
url = "https://github.com/biomejs/biome/releases/download/%40biomejs/biome%402.5.14/biome-linux-x64"
url_api = "https://api.github.com/repos/biomejs/biome/releases/assets/567471264"
provenance = "github-attestations"

[tools.biome."platforms.linux-x64-musl"]
checksum = "sha256:d15a39b256ca1294fe8f8817f9162f7c26229ca0cb8bd19d0369540c1a01d781"
url = "https://github.com/biomejs/biome/releases/download/%40biomejs/biome%402.5.14/biome-linux-x64-musl"
url_api = "https://api.github.com/repos/biomejs/biome/releases/assets/567471265"
provenance = "github-attestations"

[tools.biome."platforms.macos-arm64"]
checksum = "sha256:3d1194d0a7b720315fb6f8cbafeb5b18ca7100c3e635e8ce82ef46b315de9c0e"
url = "https://github.com/biomejs/biome/releases/download/%40biomejs/biome%402.5.14/biome-darwin-arm64"
url_api = "https://api.github.com/repos/biomejs/biome/releases/assets/567471268"
provenance = "github-attestations"

[tools.biome."platforms.macos-x64"]
checksum = "sha256:b331448d7afb592cc4674e9bd6905eae5e79f5dd9b34b61b44803a6b7a91b801"
url = "https://github.com/biomejs/biome/releases/download/%40biomejs/biome%402.5.14/biome-darwin-x64"
url_api = "https://api.github.com/repos/biomejs/biome/releases/assets/567471271"
provenance = "github-attestations"

[tools.biome."platforms.windows-x64"]
checksum = "sha256:bef8f088617c8364314f55dffdc7b8ddabe12fee9e1e71f45f708a7027579280"
url = "https://github.com/biomejs/biome/releases/download/%40biomejs/biome%402.5.14/biome-win32-x64.exe"
url_api = "https://api.github.com/repos/biomejs/biome/releases/assets/567471269"
provenance = "github-attestations"

[[tools.editorconfig-checker]]
version = "3.11.2"
backend = "aqua:editorconfig-checker/editorconfig-checker"
specifiers = ["latest"]

[tools.editorconfig-checker."platforms.linux-arm64"]
checksum = "sha256:7c61c94a67658bff62467453c3d7d9a98d57139728d27e545e9d3e3688fc9ca6"
url = "https://github.com/editorconfig-checker/editorconfig-checker/releases/download/v3.11.2/ec-linux-arm64.tar.gz"
url_api = "https://api.github.com/repos/editorconfig-checker/editorconfig-checker/releases/assets/529790774"

[tools.editorconfig-checker."platforms.linux-arm64-musl"]
checksum = "sha256:7c61c94a67658bff62467453c3d7d9a98d57139728d27e545e9d3e3688fc9ca6"
url = "https://github.com/editorconfig-checker/editorconfig-checker/releases/download/v3.11.2/ec-linux-arm64.tar.gz"
url_api = "https://api.github.com/repos/editorconfig-checker/editorconfig-checker/releases/assets/529790774"

[tools.editorconfig-checker."platforms.linux-x64"]
checksum = "sha256:bc815e5b3b1891a0ee9e1242fe3475312655f8b0f4c4a79510be0a009294571a"
url = "https://github.com/editorconfig-checker/editorconfig-checker/releases/download/v3.11.2/ec-linux-amd64.tar.gz"
url_api = "https://api.github.com/repos/editorconfig-checker/editorconfig-checker/releases/assets/529790765"

[tools.editorconfig-checker."platforms.linux-x64-musl"]
checksum = "sha256:bc815e5b3b1891a0ee9e1242fe3475312655f8b0f4c4a79510be0a009294571a"
url = "https://github.com/editorconfig-checker/editorconfig-checker/releases/download/v3.11.2/ec-linux-amd64.tar.gz"
url_api = "https://api.github.com/repos/editorconfig-checker/editorconfig-checker/releases/assets/529790765"

[tools.editorconfig-checker."platforms.macos-arm64"]
checksum = "sha256:9ed40abdc3051c1b76c9557cd58c66ab1784728242dbd9c40cfffe1528195ab2"
url = "https://github.com/editorconfig-checker/editorconfig-checker/releases/download/v3.11.2/ec-darwin-arm64.tar.gz"
url_api = "https://api.github.com/repos/editorconfig-checker/editorconfig-checker/releases/assets/529790802"

[tools.editorconfig-checker."platforms.macos-x64"]
checksum = "sha256:1a013573bbd394341168ea95174790ed44d6fc180f6d16e75c2ebc032f05bcc1"
url = "https://github.com/editorconfig-checker/editorconfig-checker/releases/download/v3.11.2/ec-darwin-amd64.tar.gz"
url_api = "https://api.github.com/repos/editorconfig-checker/editorconfig-checker/releases/assets/529790801"

[tools.editorconfig-checker."platforms.windows-x64"]
checksum = "sha256:ca6879da5ff16101c00432dc1f67f46fba6da229f7d24a715b2fd3be4249f7ab"
url = "https://github.com/editorconfig-checker/editorconfig-checker/releases/download/v3.11.2/ec-windows-amd64.zip"
url_api = "https://api.github.com/repos/editorconfig-checker/editorconfig-checker/releases/assets/529790777"

[[tools.markdownlint-cli2]]
version = "0.23.2"
backend = "npm:markdownlint-cli2"
specifiers = ["latest"]

[[tools.pitchfork]]
version = "2.23.0"
backend = "aqua:jdx/pitchfork"
specifiers = ["latest"]

[tools.pitchfork."platforms.linux-arm64"]
checksum = "sha256:f3917d35991bb5c1bcb9e0f40f21ade55c2b9d2a81c580e8035ea5cbf24d2820"
url = "https://github.com/jdx/pitchfork/releases/download/v2.23.0/pitchfork-aarch64-unknown-linux-gnu.tar.gz"
url_api = "https://api.github.com/repos/jdx/pitchfork/releases/assets/530648398"

[tools.pitchfork."platforms.linux-x64"]
checksum = "sha256:e2d932de87fbf1faeec38ea2b1534bedaf305938456f92fdd35cabeb17ea79ca"
url = "https://github.com/jdx/pitchfork/releases/download/v2.23.0/pitchfork-x86_64-unknown-linux-gnu.tar.gz"
url_api = "https://api.github.com/repos/jdx/pitchfork/releases/assets/530647237"

[tools.pitchfork."platforms.macos-arm64"]
checksum = "sha256:8e206fa6d8dc5032dd19ffd2847898b8b1bbd883a69a22c073aea782fef8c7a7"
url = "https://github.com/jdx/pitchfork/releases/download/v2.23.0/pitchfork-aarch64-apple-darwin.tar.gz"
url_api = "https://api.github.com/repos/jdx/pitchfork/releases/assets/530652428"

[tools.pitchfork."platforms.windows-x64"]
checksum = "sha256:f531f4c3449d757bb8e300a7b190dad40cc9aa9946612bfd10f28391a96c2711"
url = "https://github.com/jdx/pitchfork/releases/download/v2.23.0/pitchfork-x86_64-pc-windows-msvc.zip"
url_api = "https://api.github.com/repos/jdx/pitchfork/releases/assets/530657294"

[[tools.ruby]]
version = "4.0.6"
backend = "core:ruby"
specifiers = ["4"]

[tools.ruby."platforms.windows-x64"]
checksum = "sha256:328d7a86bea2f4c432783025050c9ffa1c36fcfc54ebccc466b63450ec3af223"
url = "https://github.com/oneclick/rubyinstaller2/releases/download/RubyInstaller-4.0.6-1/rubyinstaller-4.0.6-1-x64.7z"

[[tools.ruby]]
version = "4.0.6"
backend = "core:ruby"
specifiers = ["4"]

[tools.ruby.options]
compile = "true"
ruby_build_repo = "https://github.com/rbenv/ruby-build.git"
ruby_install = "false"

[tools.ruby."platforms.linux-arm64"]
checksum = "sha256:837d299e8f7ddf2be31a229a7a7e019d354979825117989acb3b32b1a9be262a"
url = "https://cache.ruby-lang.org/pub/ruby/4.0/ruby-4.0.6.tar.gz"

[tools.ruby."platforms.linux-arm64-musl"]
checksum = "sha256:837d299e8f7ddf2be31a229a7a7e019d354979825117989acb3b32b1a9be262a"
url = "https://cache.ruby-lang.org/pub/ruby/4.0/ruby-4.0.6.tar.gz"

[tools.ruby."platforms.linux-x64"]
checksum = "sha256:837d299e8f7ddf2be31a229a7a7e019d354979825117989acb3b32b1a9be262a"
url = "https://cache.ruby-lang.org/pub/ruby/4.0/ruby-4.0.6.tar.gz"

[tools.ruby."platforms.linux-x64-musl"]
checksum = "sha256:837d299e8f7ddf2be31a229a7a7e019d354979825117989acb3b32b1a9be262a"
url = "https://cache.ruby-lang.org/pub/ruby/4.0/ruby-4.0.6.tar.gz"

[tools.ruby."platforms.macos-arm64"]
checksum = "sha256:837d299e8f7ddf2be31a229a7a7e019d354979825117989acb3b32b1a9be262a"
url = "https://cache.ruby-lang.org/pub/ruby/4.0/ruby-4.0.6.tar.gz"

[tools.ruby."platforms.macos-x64"]
checksum = "sha256:837d299e8f7ddf2be31a229a7a7e019d354979825117989acb3b32b1a9be262a"
url = "https://cache.ruby-lang.org/pub/ruby/4.0/ruby-4.0.6.tar.gz"

[[tools.shellcheck]]
version = "0.11.0"
backend = "aqua:koalaman/shellcheck"
specifiers = ["latest"]

[tools.shellcheck."platforms.linux-arm64"]
checksum = "sha256:12b331c1d2db6b9eb13cfca64306b1b157a86eb69db83023e261eaa7e7c14588"
url = "https://github.com/koalaman/shellcheck/releases/download/v0.11.0/shellcheck-v0.11.0.linux.aarch64.tar.xz"
url_api = "https://api.github.com/repos/koalaman/shellcheck/releases/assets/279056934"

[tools.shellcheck."platforms.linux-arm64-musl"]
checksum = "sha256:12b331c1d2db6b9eb13cfca64306b1b157a86eb69db83023e261eaa7e7c14588"
url = "https://github.com/koalaman/shellcheck/releases/download/v0.11.0/shellcheck-v0.11.0.linux.aarch64.tar.xz"
url_api = "https://api.github.com/repos/koalaman/shellcheck/releases/assets/279056934"

[tools.shellcheck."platforms.linux-x64"]
checksum = "sha256:8c3be12b05d5c177a04c29e3c78ce89ac86f1595681cab149b65b97c4e227198"
url = "https://github.com/koalaman/shellcheck/releases/download/v0.11.0/shellcheck-v0.11.0.linux.x86_64.tar.xz"
url_api = "https://api.github.com/repos/koalaman/shellcheck/releases/assets/279056942"

[tools.shellcheck."platforms.linux-x64-musl"]
checksum = "sha256:8c3be12b05d5c177a04c29e3c78ce89ac86f1595681cab149b65b97c4e227198"
url = "https://github.com/koalaman/shellcheck/releases/download/v0.11.0/shellcheck-v0.11.0.linux.x86_64.tar.xz"
url_api = "https://api.github.com/repos/koalaman/shellcheck/releases/assets/279056942"

[tools.shellcheck."platforms.macos-arm64"]
checksum = "sha256:56affdd8de5527894dca6dc3d7e0a99a873b0f004d7aabc30ae407d3f48b0a79"
url = "https://github.com/koalaman/shellcheck/releases/download/v0.11.0/shellcheck-v0.11.0.darwin.aarch64.tar.xz"
url_api = "https://api.github.com/repos/koalaman/shellcheck/releases/assets/279056932"

[tools.shellcheck."platforms.macos-x64"]
checksum = "sha256:3c89db4edcab7cf1c27bff178882e0f6f27f7afdf54e859fa041fca10febe4c6"
url = "https://github.com/koalaman/shellcheck/releases/download/v0.11.0/shellcheck-v0.11.0.darwin.x86_64.tar.xz"
url_api = "https://api.github.com/repos/koalaman/shellcheck/releases/assets/279056930"

[tools.shellcheck."platforms.windows-x64"]
checksum = "sha256:8a4e35ab0b331c85d73567b12f2a444df187f483e5079ceffa6bda1faa2e740e"
url = "https://github.com/koalaman/shellcheck/releases/download/v0.11.0/shellcheck-v0.11.0.zip"
url_api = "https://api.github.com/repos/koalaman/shellcheck/releases/assets/279056944"

[[tools.shfmt]]
version = "3.14.0"
backend = "aqua:mvdan/sh"
specifiers = ["latest"]

[tools.shfmt."platforms.linux-arm64"]
checksum = "sha256:8029959a945b5c6f2bc92ce53fca5cf0384c811cc0884b25b196a093a005657a"
url = "https://github.com/mvdan/sh/releases/download/v3.14.0/shfmt_v3.14.0_linux_arm64"
url_api = "https://api.github.com/repos/mvdan/sh/releases/assets/534119958"

[tools.shfmt."platforms.linux-arm64-musl"]
checksum = "sha256:8029959a945b5c6f2bc92ce53fca5cf0384c811cc0884b25b196a093a005657a"
url = "https://github.com/mvdan/sh/releases/download/v3.14.0/shfmt_v3.14.0_linux_arm64"
url_api = "https://api.github.com/repos/mvdan/sh/releases/assets/534119958"

[tools.shfmt."platforms.linux-x64"]
checksum = "sha256:fe42021c7272ef2d67ea36cbc3031683c625d0badec733ef3a57b567246a0b66"
url = "https://github.com/mvdan/sh/releases/download/v3.14.0/shfmt_v3.14.0_linux_amd64"
url_api = "https://api.github.com/repos/mvdan/sh/releases/assets/534119985"

[tools.shfmt."platforms.linux-x64-musl"]
checksum = "sha256:fe42021c7272ef2d67ea36cbc3031683c625d0badec733ef3a57b567246a0b66"
url = "https://github.com/mvdan/sh/releases/download/v3.14.0/shfmt_v3.14.0_linux_amd64"
url_api = "https://api.github.com/repos/mvdan/sh/releases/assets/534119985"

[tools.shfmt."platforms.macos-arm64"]
checksum = "sha256:4710ba8074a74334069719d5b82f8cb97532e5623bfe43ef7cdb3442101b9cb2"
url = "https://github.com/mvdan/sh/releases/download/v3.14.0/shfmt_v3.14.0_darwin_arm64"
url_api = "https://api.github.com/repos/mvdan/sh/releases/assets/534120008"

[tools.shfmt."platforms.macos-x64"]
checksum = "sha256:74255a8087d74a79f5c1307db807e7efa8f062c429e3a05c075550392e0dcfa1"
url = "https://github.com/mvdan/sh/releases/download/v3.14.0/shfmt_v3.14.0_darwin_amd64"
url_api = "https://api.github.com/repos/mvdan/sh/releases/assets/534120026"

[tools.shfmt."platforms.windows-x64"]
checksum = "sha256:6738a3e155fbfec3bedc70962f9cd1610197587a43b5d7100f405239d8e11375"
url = "https://github.com/mvdan/sh/releases/download/v3.14.0/shfmt_v3.14.0_windows_amd64.exe"
url_api = "https://api.github.com/repos/mvdan/sh/releases/assets/534119909"

[[tools.taplo]]
version = "0.10.0"
backend = "aqua:tamasfe/taplo"
specifiers = ["latest"]

[tools.taplo."platforms.linux-arm64"]
url = "https://github.com/tamasfe/taplo/releases/download/0.10.0/taplo-linux-aarch64.gz"
url_api = "https://api.github.com/repos/tamasfe/taplo/releases/assets/257322597"

[tools.taplo."platforms.linux-arm64-musl"]
url = "https://github.com/tamasfe/taplo/releases/download/0.10.0/taplo-linux-aarch64.gz"
url_api = "https://api.github.com/repos/tamasfe/taplo/releases/assets/257322597"

[tools.taplo."platforms.linux-x64"]
url = "https://github.com/tamasfe/taplo/releases/download/0.10.0/taplo-linux-x86_64.gz"
url_api = "https://api.github.com/repos/tamasfe/taplo/releases/assets/257322600"

[tools.taplo."platforms.linux-x64-musl"]
url = "https://github.com/tamasfe/taplo/releases/download/0.10.0/taplo-linux-x86_64.gz"
url_api = "https://api.github.com/repos/tamasfe/taplo/releases/assets/257322600"

[tools.taplo."platforms.macos-arm64"]
url = "https://github.com/tamasfe/taplo/releases/download/0.10.0/taplo-darwin-aarch64.gz"
url_api = "https://api.github.com/repos/tamasfe/taplo/releases/assets/257323110"

[tools.taplo."platforms.macos-x64"]
url = "https://github.com/tamasfe/taplo/releases/download/0.10.0/taplo-darwin-x86_64.gz"
url_api = "https://api.github.com/repos/tamasfe/taplo/releases/assets/257323116"

[tools.taplo."platforms.windows-x64"]
url = "https://github.com/tamasfe/taplo/releases/download/0.10.0/taplo-windows-x86_64.zip"
url_api = "https://api.github.com/repos/tamasfe/taplo/releases/assets/257323062"

[[tools.usage]]
version = "6.5.0"
backend = "aqua:jdx/usage"
specifiers = ["latest"]

[tools.usage."platforms.linux-arm64"]
checksum = "sha256:2c02d457cf6f6e03177a8cb5b246f466485a0a4b40a778ed6399a0620d2830f3"
url = "https://github.com/jdx/usage/releases/download/v6.5.0/usage-aarch64-unknown-linux-gnu.tar.gz"
url_api = "https://api.github.com/repos/jdx/usage/releases/assets/533941168"

[tools.usage."platforms.linux-arm64-musl"]
checksum = "sha256:8c78dfa87c0426214642448e6caca0892992d42d92dc722d116dab7d9129d295"
url = "https://github.com/jdx/usage/releases/download/v6.5.0/usage-aarch64-unknown-linux-musl.tar.gz"
url_api = "https://api.github.com/repos/jdx/usage/releases/assets/533940980"

[tools.usage."platforms.linux-x64"]
checksum = "sha256:0dc1cc55e4f3766f9a61d50c7854541983094faf2bacf769d1f4f9f45b0c1a8a"
url = "https://github.com/jdx/usage/releases/download/v6.5.0/usage-x86_64-unknown-linux-gnu.tar.gz"
url_api = "https://api.github.com/repos/jdx/usage/releases/assets/533940901"

[tools.usage."platforms.linux-x64-musl"]
checksum = "sha256:bc5bfe1078c4ce9339ba126670d5ced3eb25d63acbd4b1bbe7b51b04f243cd0c"
url = "https://github.com/jdx/usage/releases/download/v6.5.0/usage-x86_64-unknown-linux-musl.tar.gz"
url_api = "https://api.github.com/repos/jdx/usage/releases/assets/533940976"

[tools.usage."platforms.macos-arm64"]
checksum = "sha256:54e692f240d11a2e8a34fb3e0273821e35272f5b502226bd958736c16f7e7e3d"
url = "https://github.com/jdx/usage/releases/download/v6.5.0/usage-universal-apple-darwin.tar.gz"
url_api = "https://api.github.com/repos/jdx/usage/releases/assets/533960041"

[tools.usage."platforms.macos-x64"]
checksum = "sha256:54e692f240d11a2e8a34fb3e0273821e35272f5b502226bd958736c16f7e7e3d"
url = "https://github.com/jdx/usage/releases/download/v6.5.0/usage-universal-apple-darwin.tar.gz"
url_api = "https://api.github.com/repos/jdx/usage/releases/assets/533960041"

[tools.usage."platforms.windows-x64"]
checksum = "sha256:041603b3f09e66870f5cb2475e4cb8a7cb10e222281bda13fe301c7a3b26a39b"
url = "https://github.com/jdx/usage/releases/download/v6.5.0/usage-x86_64-pc-windows-msvc.zip"
url_api = "https://api.github.com/repos/jdx/usage/releases/assets/533944295"

[[tools.yamlfmt]]
version = "0.21.0"
backend = "aqua:google/yamlfmt"
specifiers = ["latest"]

[tools.yamlfmt."platforms.linux-arm64"]
checksum = "sha256:5b2689c963b177271330c5ce8ca7396751107e5a826be46f03d2cb9b6f0c7784"
url = "https://github.com/google/yamlfmt/releases/download/v0.21.0/yamlfmt_0.21.0_Linux_arm64.tar.gz"
url_api = "https://api.github.com/repos/google/yamlfmt/releases/assets/336650208"

[tools.yamlfmt."platforms.linux-arm64-musl"]
checksum = "sha256:5b2689c963b177271330c5ce8ca7396751107e5a826be46f03d2cb9b6f0c7784"
url = "https://github.com/google/yamlfmt/releases/download/v0.21.0/yamlfmt_0.21.0_Linux_arm64.tar.gz"
url_api = "https://api.github.com/repos/google/yamlfmt/releases/assets/336650208"

[tools.yamlfmt."platforms.linux-x64"]
checksum = "sha256:1f300d9257b232bb3b541d7fb1b0e6b3c121bcbab381c86cd38cb8722be8a566"
url = "https://github.com/google/yamlfmt/releases/download/v0.21.0/yamlfmt_0.21.0_Linux_x86_64.tar.gz"
url_api = "https://api.github.com/repos/google/yamlfmt/releases/assets/336650203"

[tools.yamlfmt."platforms.linux-x64-musl"]
checksum = "sha256:1f300d9257b232bb3b541d7fb1b0e6b3c121bcbab381c86cd38cb8722be8a566"
url = "https://github.com/google/yamlfmt/releases/download/v0.21.0/yamlfmt_0.21.0_Linux_x86_64.tar.gz"
url_api = "https://api.github.com/repos/google/yamlfmt/releases/assets/336650203"

[tools.yamlfmt."platforms.macos-arm64"]
checksum = "sha256:4b417ecb94339d57e4c122ecc948c1a00fe328b5853266de9806e652a92858fa"
url = "https://github.com/google/yamlfmt/releases/download/v0.21.0/yamlfmt_0.21.0_Darwin_arm64.tar.gz"
url_api = "https://api.github.com/repos/google/yamlfmt/releases/assets/336650209"

[tools.yamlfmt."platforms.macos-x64"]
checksum = "sha256:060e943bcb8583c456810eb1ff4721b4f46c4a0c1a4432449d5dc3bbfe29a22b"
url = "https://github.com/google/yamlfmt/releases/download/v0.21.0/yamlfmt_0.21.0_Darwin_x86_64.tar.gz"
url_api = "https://api.github.com/repos/google/yamlfmt/releases/assets/336650207"

[tools.yamlfmt."platforms.windows-x64"]
checksum = "sha256:07f80ce5d741eb4b0a9380ac78a19c7cb5bd44e2a9a47a5a04839e3ba54dd463"
url = "https://github.com/google/yamlfmt/releases/download/v0.21.0/yamlfmt_0.21.0_Windows_x86_64.tar.gz"
url_api = "https://api.github.com/repos/google/yamlfmt/releases/assets/336650206"
